
Microsoft Visual Studio Solution File, Format Version 12.00
# Visual Studio Version 16
Project("{2150E333-8FDC-42A3-9474-1A3956D46DE8}") = "CMakePredefinedTargets", "CMakePredefinedTargets", "{93F1434C-AE74-38E8-8A1F-1447AED5B6CA}"
EndProject
Project("{8BC9CEB8-8B4A-11D0-8D11-00A0C91BC942}") = "ALL_BUILD", "ALL_BUILD.vcxproj", "{F7594AB3-3C09-374A-8374-A9CE592FEB5F}"
	ProjectSection(ProjectDependencies) = postProject
		{76CCAD26-5948-379E-8786-A02BC4A29A29} = {76CCAD26-5948-379E-8786-A02BC4A29A29}
		{21A9F0BB-0E93-3698-B572-650AC27FF5EE} = {21A9F0BB-0E93-3698-B572-650AC27FF5EE}
	EndProjectSection
EndProject
Project("{8BC9CEB8-8B4A-11D0-8D11-00A0C91BC942}") = "INSTALL", "INSTALL.vcxproj", "{449D0FE0-F01E-3217-A150-152CF18FBBCD}"
	ProjectSection(ProjectDependencies) = postProject
		{F7594AB3-3C09-374A-8374-A9CE592FEB5F} = {F7594AB3-3C09-374A-8374-A9CE592FEB5F}
		{76CCAD26-5948-379E-8786-A02BC4A29A29} = {76CCAD26-5948-379E-8786-A02BC4A29A29}
	EndProjectSection
EndProject
Project("{8BC9CEB8-8B4A-11D0-8D11-00A0C91BC942}") = "ZERO_CHECK", "..\..\..\\ZERO_CHECK.vcxproj", "{76CCAD26-5948-379E-8786-A02BC4A29A29}"
	ProjectSection(ProjectDependencies) = postProject
	EndProjectSection
EndProject
Project("{8BC9CEB8-8B4A-11D0-8D11-00A0C91BC942}") = "zlibstatic", "zlibstatic.vcxproj", "{21A9F0BB-0E93-3698-B572-650AC27FF5EE}"
	ProjectSection(ProjectDependencies) = postProject
		{76CCAD26-5948-379E-8786-A02BC4A29A29} = {76CCAD26-5948-379E-8786-A02BC4A29A29}
	EndProjectSection
EndProject
Global
	GlobalSection(SolutionConfigurationPlatforms) = preSolution
		Debug|x64 = Debug|x64
		Release|x64 = Release|x64
		MinSizeRel|x64 = MinSizeRel|x64
		RelWithDebInfo|x64 = RelWithDebInfo|x64
	EndGlobalSection
	GlobalSection(ProjectConfigurationPlatforms) = postSolution
		{F7594AB3-3C09-374A-8374-A9CE592FEB5F}.Debug|x64.ActiveCfg = Debug|x64
		{F7594AB3-3C09-374A-8374-A9CE592FEB5F}.Debug|x64.Build.0 = Debug|x64
		{F7594AB3-3C09-374A-8374-A9CE592FEB5F}.Release|x64.ActiveCfg = Release|x64
		{F7594AB3-3C09-374A-8374-A9CE592FEB5F}.Release|x64.Build.0 = Release|x64
		{F7594AB3-3C09-374A-8374-A9CE592FEB5F}.MinSizeRel|x64.ActiveCfg = MinSizeRel|x64
		{F7594AB3-3C09-374A-8374-A9CE592FEB5F}.MinSizeRel|x64.Build.0 = MinSizeRel|x64
		{F7594AB3-3C09-374A-8374-A9CE592FEB5F}.RelWithDebInfo|x64.ActiveCfg = RelWithDebInfo|x64
		{F7594AB3-3C09-374A-8374-A9CE592FEB5F}.RelWithDebInfo|x64.Build.0 = RelWithDebInfo|x64
		{449D0FE0-F01E-3217-A150-152CF18FBBCD}.Debug|x64.ActiveCfg = Debug|x64
		{449D0FE0-F01E-3217-A150-152CF18FBBCD}.Release|x64.ActiveCfg = Release|x64
		{449D0FE0-F01E-3217-A150-152CF18FBBCD}.MinSizeRel|x64.ActiveCfg = MinSizeRel|x64
		{449D0FE0-F01E-3217-A150-152CF18FBBCD}.RelWithDebInfo|x64.ActiveCfg = RelWithDebInfo|x64
		{76CCAD26-5948-379E-8786-A02BC4A29A29}.Debug|x64.ActiveCfg = Debug|x64
		{76CCAD26-5948-379E-8786-A02BC4A29A29}.Debug|x64.Build.0 = Debug|x64
		{76CCAD26-5948-379E-8786-A02BC4A29A29}.Release|x64.ActiveCfg = Release|x64
		{76CCAD26-5948-379E-8786-A02BC4A29A29}.Release|x64.Build.0 = Release|x64
		{76CCAD26-5948-379E-8786-A02BC4A29A29}.MinSizeRel|x64.ActiveCfg = MinSizeRel|x64
		{76CCAD26-5948-379E-8786-A02BC4A29A29}.MinSizeRel|x64.Build.0 = MinSizeRel|x64
		{76CCAD26-5948-379E-8786-A02BC4A29A29}.RelWithDebInfo|x64.ActiveCfg = RelWithDebInfo|x64
		{76CCAD26-5948-379E-8786-A02BC4A29A29}.RelWithDebInfo|x64.Build.0 = RelWithDebInfo|x64
		{21A9F0BB-0E93-3698-B572-650AC27FF5EE}.Debug|x64.ActiveCfg = Debug|x64
		{21A9F0BB-0E93-3698-B572-650AC27FF5EE}.Debug|x64.Build.0 = Debug|x64
		{21A9F0BB-0E93-3698-B572-650AC27FF5EE}.Release|x64.ActiveCfg = Release|x64
		{21A9F0BB-0E93-3698-B572-650AC27FF5EE}.Release|x64.Build.0 = Release|x64
		{21A9F0BB-0E93-3698-B572-650AC27FF5EE}.MinSizeRel|x64.ActiveCfg = MinSizeRel|x64
		{21A9F0BB-0E93-3698-B572-650AC27FF5EE}.MinSizeRel|x64.Build.0 = MinSizeRel|x64
		{21A9F0BB-0E93-3698-B572-650AC27FF5EE}.RelWithDebInfo|x64.ActiveCfg = RelWithDebInfo|x64
		{21A9F0BB-0E93-3698-B572-650AC27FF5EE}.RelWithDebInfo|x64.Build.0 = RelWithDebInfo|x64
	EndGlobalSection
	GlobalSection(NestedProjects) = preSolution
		{F7594AB3-3C09-374A-8374-A9CE592FEB5F} = {93F1434C-AE74-38E8-8A1F-1447AED5B6CA}
		{449D0FE0-F01E-3217-A150-152CF18FBBCD} = {93F1434C-AE74-38E8-8A1F-1447AED5B6CA}
		{76CCAD26-5948-379E-8786-A02BC4A29A29} = {93F1434C-AE74-38E8-8A1F-1447AED5B6CA}
	EndGlobalSection
	GlobalSection(ExtensibilityGlobals) = postSolution
		SolutionGuid = {831D422E-9537-3639-BEFC-0954F8A53B06}
	EndGlobalSection
	GlobalSection(ExtensibilityAddIns) = postSolution
	EndGlobalSection
EndGlobal
